{
  "name": "missed-calls-notify",
  "version": "1.0.0",
  "lockfileVersion": 1,
  "requires": true,
  "dependencies": {
    "@types/google-apps-script": {
      "version": "0.0.40",
      "resolved": "https://registry.npmjs.org/@types/google-apps-script/-/google-apps-script-0.0.40.tgz",
      "integrity": "sha512-73ImCEsVCYRqns0uqNekdb4aisFGlT/LFSIPOfJaeT7S2J0Peehj16dU5zXC4x8PWbd29j26+QgE8UiyQBqZiA=="
    }
  }
}
